
Microsoft Visual Studio Solution File, Format Version 12.00
# Visual Studio Version 16
VisualStudioVersion = 16.0.29613.14
MinimumVisualStudioVersion = 10.0.40219.1
Project("{FAE04EC0-301F-11D3-BF4B-00C04F79EFBC}") = "collab-api", "collab-api\collab-api.csproj", "{11AF8791-D8CF-40E0-9EFC-835D7AA4150F}"
EndProject
Global
	GlobalSection(SolutionConfigurationPlatforms) = preSolution
		Debug|Any CPU = Debug|Any CPU
		Release|Any CPU = Release|Any CPU
	EndGlobalSection
	GlobalSection(ProjectConfigurationPlatforms) = postSolution
		{11AF8791-D8CF-40E0-9EFC-835D7AA4150F}.Debug|Any CPU.ActiveCfg = Debug|Any CPU
		{11AF8791-D8CF-40E0-9EFC-835D7AA4150F}.Debug|Any CPU.Build.0 = Debug|Any CPU
		{11AF8791-D8CF-40E0-9EFC-835D7AA4150F}.Release|Any CPU.ActiveCfg = Release|Any CPU
		{11AF8791-D8CF-40E0-9EFC-835D7AA4150F}.Release|Any CPU.Build.0 = Release|Any CPU
	EndGlobalSection
	GlobalSection(SolutionProperties) = preSolution
		HideSolutionNode = FALSE
	EndGlobalSection
	GlobalSection(ExtensibilityGlobals) = postSolution
		SolutionGuid = {0D573804-A089-4125-BEC1-BDDA26067F9C}
	EndGlobalSection
EndGlobal
